# This file is automatically @generated by Cargo.
# It is not intended for manual editing.
version = 3

[[package]]
name = "cc"
version = "1.0.83"
source = "registry+https://github.com/rust-lang/crates.io-index"
checksum = "f1174fb0b6ec23863f8b971027804a42614e347eafb0a95bf0b12cdae21fc4d0"
dependencies = [
 "libc",
]

[[package]]
name = "incli"
version = "0.3.1"
dependencies = [
 "sys-info-extended",
]

[[package]]
name = "libc"
version = "0.2.151"
source = "registry+https://github.com/rust-lang/crates.io-index"
checksum = "302d7ab3130588088d277783b1e2d2e10c9e9e4a16dd9050e6ec93fb3e7048f4"

[[package]]
name = "palin"
version = "0.1.0"
source = "registry+https://github.com/rust-lang/crates.io-index"
checksum = "4f824704201c2c574dcc3e45cb876cf8974adc53bf1e7a1ef9c8c6fce5d6fe84"

[[package]]
name = "sys-info-extended"
version = "0.2.0"
source = "registry+https://github.com/rust-lang/crates.io-index"
checksum = "fcc026b9f4f5eb636292b5b5d8816ca1d16186c1bdee371342c00ea185bdaa7f"
dependencies = [
 "cc",
 "libc",
 "palin",
]
