# This file is automatically @generated by Cargo.
# It is not intended for manual editing.
version = 3

[[package]]
name = "cc"
version = "1.0.83"
source = "registry+https://github.com/rust-lang/crates.io-index"
checksum = "f1174fb0b6ec23863f8b971027804a42614e347eafb0a95bf0b12cdae21fc4d0"
dependencies = [
 "libc",
]

[[package]]
name = "incli"
version = "0.6.0"
dependencies = [
 "sys-info-extended",
]

[[package]]
name = "libc"
version = "0.2.153"
source = "registry+https://github.com/rust-lang/crates.io-index"
checksum = "9c198f91728a82281a64e1f4f9eeb25d82cb32a5de251c6bd1b5154d63a8e7bd"

[[package]]
name = "palin"
version = "0.4.0"
source = "registry+https://github.com/rust-lang/crates.io-index"
checksum = "4f0f65d29a75f7c61d7f07ec3eac992e9903c03c1fef894588e4a51fc2f710d4"

[[package]]
name = "sys-info-extended"
version = "0.4.0"
source = "registry+https://github.com/rust-lang/crates.io-index"
checksum = "199713be514b9c0fedbdef6f3e3044290bca8eb6993abafae5c2025fee0c789e"
dependencies = [
 "cc",
 "libc",
 "palin",
]
