# This file is automatically @generated by Cargo.
# It is not intended for manual editing.
version = 3

[[package]]
name = "cc"
version = "1.0.83"
source = "registry+https://github.com/rust-lang/crates.io-index"
checksum = "f1174fb0b6ec23863f8b971027804a42614e347eafb0a95bf0b12cdae21fc4d0"
dependencies = [
 "libc",
]

[[package]]
name = "incli"
version = "0.5.1"
dependencies = [
 "sys-info-extended",
]

[[package]]
name = "libc"
version = "0.2.153"
source = "registry+https://github.com/rust-lang/crates.io-index"
checksum = "9c198f91728a82281a64e1f4f9eeb25d82cb32a5de251c6bd1b5154d63a8e7bd"

[[package]]
name = "palin"
version = "0.3.0"
source = "registry+https://github.com/rust-lang/crates.io-index"
checksum = "b08b08d532d5ae6e81f024362e252ec866b9d948424f75706212786483a67bbc"

[[package]]
name = "sys-info-extended"
version = "0.3.0"
source = "registry+https://github.com/rust-lang/crates.io-index"
checksum = "35670aba951d801924170fa23ca5cb52cc695e1faf82f5740d5ecec766b52170"
dependencies = [
 "cc",
 "libc",
 "palin",
]
